
Microsoft Visual Studio Solution File, Format Version 12.00
# Visual Studio Version 17
VisualStudioVersion = 17.8.34316.72
MinimumVisualStudioVersion = 10.0.40219.1
Project("{9A19103F-16F7-4668-BE54-9A1E7A4F7556}") = "Models", "Model\Models.csproj", "{239FEE6D-B133-45C6-8A9D-56E940E6DFA3}"
EndProject
Project("{FAE04EC0-301F-11D3-BF4B-00C04F79EFBC}") = "UI", "UI\UI.csproj", "{1C1AF906-6DED-429E-98AF-C2588FBCA55D}"
EndProject
Project("{FAE04EC0-301F-11D3-BF4B-00C04F79EFBC}") = "DataAccess", "DataAccess\DataAccess.csproj", "{37062702-4B1A-4B66-BFC5-6A82C577A1EF}"
EndProject
Global
	GlobalSection(SolutionConfigurationPlatforms) = preSolution
		Debug|Any CPU = Debug|Any CPU
		Release|Any CPU = Release|Any CPU
	EndGlobalSection
	GlobalSection(ProjectConfigurationPlatforms) = postSolution
		{239FEE6D-B133-45C6-8A9D-56E940E6DFA3}.Debug|Any CPU.ActiveCfg = Debug|Any CPU
		{239FEE6D-B133-45C6-8A9D-56E940E6DFA3}.Debug|Any CPU.Build.0 = Debug|Any CPU
		{239FEE6D-B133-45C6-8A9D-56E940E6DFA3}.Release|Any CPU.ActiveCfg = Release|Any CPU
		{239FEE6D-B133-45C6-8A9D-56E940E6DFA3}.Release|Any CPU.Build.0 = Release|Any CPU
		{1C1AF906-6DED-429E-98AF-C2588FBCA55D}.Debug|Any CPU.ActiveCfg = Debug|Any CPU
		{1C1AF906-6DED-429E-98AF-C2588FBCA55D}.Debug|Any CPU.Build.0 = Debug|Any CPU
		{1C1AF906-6DED-429E-98AF-C2588FBCA55D}.Release|Any CPU.ActiveCfg = Release|Any CPU
		{1C1AF906-6DED-429E-98AF-C2588FBCA55D}.Release|Any CPU.Build.0 = Release|Any CPU
		{37062702-4B1A-4B66-BFC5-6A82C577A1EF}.Debug|Any CPU.ActiveCfg = Debug|Any CPU
		{37062702-4B1A-4B66-BFC5-6A82C577A1EF}.Debug|Any CPU.Build.0 = Debug|Any CPU
		{37062702-4B1A-4B66-BFC5-6A82C577A1EF}.Release|Any CPU.ActiveCfg = Release|Any CPU
		{37062702-4B1A-4B66-BFC5-6A82C577A1EF}.Release|Any CPU.Build.0 = Release|Any CPU
	EndGlobalSection
	GlobalSection(SolutionProperties) = preSolution
		HideSolutionNode = FALSE
	EndGlobalSection
	GlobalSection(ExtensibilityGlobals) = postSolution
		SolutionGuid = {060A6038-97C1-4FCE-A9A8-F8B1C9D01255}
	EndGlobalSection
EndGlobal
