
Microsoft Visual Studio Solution File, Format Version 12.00
# Visual Studio Version 17
VisualStudioVersion = 17.8.34316.72
MinimumVisualStudioVersion = 10.0.40219.1
Project("{9A19103F-16F7-4668-BE54-9A1E7A4F7556}") = "DataLayer", "DataLayer\DataLayer.csproj", "{D36115DE-AB20-47CD-B428-4FE53CEC4D49}"
EndProject
Project("{9A19103F-16F7-4668-BE54-9A1E7A4F7556}") = "ModelLayer", "ModelLayer\ModelLayer.csproj", "{7D2767EC-C167-4E55-82C3-1FDA8D89CA3E}"
EndProject
Project("{9A19103F-16F7-4668-BE54-9A1E7A4F7556}") = "Test", "Test\Test.csproj", "{4DA2FC61-A4EC-4210-A60B-3645217CC657}"
EndProject
Project("{FAE04EC0-301F-11D3-BF4B-00C04F79EFBC}") = "UI", "UI\UI.csproj", "{FC099D2B-6264-402D-BAEE-C1A56CC93766}"
EndProject
Global
	GlobalSection(SolutionConfigurationPlatforms) = preSolution
		Debug|Any CPU = Debug|Any CPU
		Release|Any CPU = Release|Any CPU
	EndGlobalSection
	GlobalSection(ProjectConfigurationPlatforms) = postSolution
		{D36115DE-AB20-47CD-B428-4FE53CEC4D49}.Debug|Any CPU.ActiveCfg = Debug|Any CPU
		{D36115DE-AB20-47CD-B428-4FE53CEC4D49}.Debug|Any CPU.Build.0 = Debug|Any CPU
		{D36115DE-AB20-47CD-B428-4FE53CEC4D49}.Release|Any CPU.ActiveCfg = Release|Any CPU
		{D36115DE-AB20-47CD-B428-4FE53CEC4D49}.Release|Any CPU.Build.0 = Release|Any CPU
		{7D2767EC-C167-4E55-82C3-1FDA8D89CA3E}.Debug|Any CPU.ActiveCfg = Debug|Any CPU
		{7D2767EC-C167-4E55-82C3-1FDA8D89CA3E}.Debug|Any CPU.Build.0 = Debug|Any CPU
		{7D2767EC-C167-4E55-82C3-1FDA8D89CA3E}.Release|Any CPU.ActiveCfg = Release|Any CPU
		{7D2767EC-C167-4E55-82C3-1FDA8D89CA3E}.Release|Any CPU.Build.0 = Release|Any CPU
		{4DA2FC61-A4EC-4210-A60B-3645217CC657}.Debug|Any CPU.ActiveCfg = Debug|Any CPU
		{4DA2FC61-A4EC-4210-A60B-3645217CC657}.Debug|Any CPU.Build.0 = Debug|Any CPU
		{4DA2FC61-A4EC-4210-A60B-3645217CC657}.Release|Any CPU.ActiveCfg = Release|Any CPU
		{4DA2FC61-A4EC-4210-A60B-3645217CC657}.Release|Any CPU.Build.0 = Release|Any CPU
		{FC099D2B-6264-402D-BAEE-C1A56CC93766}.Debug|Any CPU.ActiveCfg = Debug|Any CPU
		{FC099D2B-6264-402D-BAEE-C1A56CC93766}.Debug|Any CPU.Build.0 = Debug|Any CPU
		{FC099D2B-6264-402D-BAEE-C1A56CC93766}.Release|Any CPU.ActiveCfg = Release|Any CPU
		{FC099D2B-6264-402D-BAEE-C1A56CC93766}.Release|Any CPU.Build.0 = Release|Any CPU
	EndGlobalSection
	GlobalSection(SolutionProperties) = preSolution
		HideSolutionNode = FALSE
	EndGlobalSection
	GlobalSection(ExtensibilityGlobals) = postSolution
		SolutionGuid = {060A6038-97C1-4FCE-A9A8-F8B1C9D01255}
	EndGlobalSection
EndGlobal
